
Microsoft Visual Studio Solution File, Format Version 12.00
# Visual Studio Version 17
VisualStudioVersion = 17.13.35931.197 d17.13
MinimumVisualStudioVersion = 10.0.40219.1
Project("{FAE04EC0-301F-11D3-BF4B-00C04F79EFBC}") = "redactor WPF", "redactor WPF.csproj", "{B2B19B4C-962A-457F-B0C3-4F8D2E995B42}"
EndProject
Global
	GlobalSection(SolutionConfigurationPlatforms) = preSolution
		Debug|Any CPU = Debug|Any CPU
		Release|Any CPU = Release|Any CPU
	EndGlobalSection
	GlobalSection(ProjectConfigurationPlatforms) = postSolution
		{B2B19B4C-962A-457F-B0C3-4F8D2E995B42}.Debug|Any CPU.ActiveCfg = Debug|Any CPU
		{B2B19B4C-962A-457F-B0C3-4F8D2E995B42}.Debug|Any CPU.Build.0 = Debug|Any CPU
		{B2B19B4C-962A-457F-B0C3-4F8D2E995B42}.Release|Any CPU.ActiveCfg = Release|Any CPU
		{B2B19B4C-962A-457F-B0C3-4F8D2E995B42}.Release|Any CPU.Build.0 = Release|Any CPU
	EndGlobalSection
	GlobalSection(SolutionProperties) = preSolution
		HideSolutionNode = FALSE
	EndGlobalSection
	GlobalSection(ExtensibilityGlobals) = postSolution
		SolutionGuid = {F7A0B1DB-20E5-4B42-95F4-16659BF85328}
	EndGlobalSection
EndGlobal
